
Microsoft Visual Studio Solution File, Format Version 12.00
# Visual Studio 15
VisualStudioVersion = 15.0.28307.852
MinimumVisualStudioVersion = 10.0.40219.1
Project("{FAE04EC0-301F-11D3-BF4B-00C04F79EFBC}") = "Maze_Algorithm", "Maze_Algorithm\Maze_Algorithm.csproj", "{684931E6-49C7-4DD3-B92B-6F0D0FF35DCD}"
EndProject
Global
	GlobalSection(SolutionConfigurationPlatforms) = preSolution
		Debug|Any CPU = Debug|Any CPU
		Release|Any CPU = Release|Any CPU
	EndGlobalSection
	GlobalSection(ProjectConfigurationPlatforms) = postSolution
		{684931E6-49C7-4DD3-B92B-6F0D0FF35DCD}.Debug|Any CPU.ActiveCfg = Debug|Any CPU
		{684931E6-49C7-4DD3-B92B-6F0D0FF35DCD}.Debug|Any CPU.Build.0 = Debug|Any CPU
		{684931E6-49C7-4DD3-B92B-6F0D0FF35DCD}.Release|Any CPU.ActiveCfg = Release|Any CPU
		{684931E6-49C7-4DD3-B92B-6F0D0FF35DCD}.Release|Any CPU.Build.0 = Release|Any CPU
	EndGlobalSection
	GlobalSection(SolutionProperties) = preSolution
		HideSolutionNode = FALSE
	EndGlobalSection
	GlobalSection(ExtensibilityGlobals) = postSolution
		SolutionGuid = {F906A261-8832-4262-A159-A3DFBC805BF3}
	EndGlobalSection
EndGlobal
